// !$*UTF8*$!
{
	archiveVersion = 1;
	classes = {
	};
	objectVersion = 50;
	objects = {

/* Begin PBXBuildFile section */
		305A849B24927AA60030614B /* AppDelegate.swift in Sources */ = {isa = PBXBuildFile; fileRef = 305A849A24927AA60030614B /* AppDelegate.swift */; };
		305A849D24927AA60030614B /* SceneDelegate.swift in Sources */ = {isa = PBXBuildFile; fileRef = 305A849C24927AA60030614B /* SceneDelegate.swift */; };
		305A84A024927AA60030614B /* SwiftUiCoreDataToDoList.xcdatamodeld in Sources */ = {isa = PBXBuildFile; fileRef = 305A849E24927AA60030614B /* SwiftUiCoreDataToDoList.xcdatamodeld */; };
		305A84A224927AA60030614B /* ContentView.swift in Sources */ = {isa = PBXBuildFile; fileRef = 305A84A124927AA60030614B /* ContentView.swift */; };
		305A84A424927AA70030614B /* Assets.xcassets in Resources */ = {isa = PBXBuildFile; fileRef = 305A84A324927AA70030614B /* Assets.xcassets */; };
		305A84A724927AA70030614B /* Preview Assets.xcassets in Resources */ = {isa = PBXBuildFile; fileRef = 305A84A624927AA70030614B /* Preview Assets.xcassets */; };
		305A84AA24927AA70030614B /* LaunchScreen.storyboard in Resources */ = {isa = PBXBuildFile; fileRef = 305A84A824927AA70030614B /* LaunchScreen.storyboard */; };
/* End PBXBuildFile section */

/* Begin PBXFileReference section */
		305A849724927AA60030614B /* SwiftUiCoreDataToDoList.app */ = {isa = PBXFileReference; explicitFileType = wrapper.application; includeInIndex = 0; path = SwiftUiCoreDataToDoList.app; sourceTree = BUILT_PRODUCTS_DIR; };
		305A849A24927AA60030614B /* AppDelegate.swift */ = {isa = PBXFileReference; lastKnownFileType = sourcecode.swift; path = AppDelegate.swift; sourceTree = "<group>"; };
		305A849C24927AA60030614B /* SceneDelegate.swift */ = {isa = PBXFileReference; lastKnownFileType = sourcecode.swift; path = SceneDelegate.swift; sourceTree = "<group>"; };
		305A849F24927AA60030614B /* SwiftUiCoreDataToDoList.xcdatamodel */ = {isa = PBXFileReference; lastKnownFileType = wrapper.xcdatamodel; path = SwiftUiCoreDataToDoList.xcdatamodel; sourceTree = "<group>"; };
		305A84A124927AA60030614B /* ContentView.swift */ = {isa = PBXFileReference; lastKnownFileType = sourcecode.swift; path = ContentView.swift; sourceTree = "<group>"; };
		305A84A324927AA70030614B /* Assets.xcassets */ = {isa = PBXFileReference; lastKnownFileType = folder.assetcatalog; path = Assets.xcassets; sourceTree = "<group>"; };
		305A84A624927AA70030614B /* Preview Assets.xcassets */ = {isa = PBXFileReference; lastKnownFileType = folder.assetcatalog; path = "Preview Assets.xcassets"; sourceTree = "<group>"; };
		305A84A924927AA70030614B /* Base */ = {isa = PBXFileReference; lastKnownFileType = file.storyboard; name = Base; path = Base.lproj/LaunchScreen.storyboard; sourceTree = "<group>"; };
		305A84AB24927AA70030614B /* Info.plist */ = {isa = PBXFileReference; lastKnownFileType = text.plist.xml; path = Info.plist; sourceTree = "<group>"; };
/* End PBXFileReference section */

/* Begin PBXFrameworksBuildPhase section */
		305A849424927AA60030614B /* Frameworks */ = {
			isa = PBXFrameworksBuildPhase;
			buildActionMask = 2147483647;
			files = (
			);
			runOnlyForDeploymentPostprocessing = 0;
		};
/* End PBXFrameworksBuildPhase section */

/* Begin PBXGroup section */
		305A848E24927AA60030614B = {
			isa = PBXGroup;
			children = (
				305A849924927AA60030614B /* SwiftUiCoreDataToDoList */,
				305A849824927AA60030614B /* Products */,
			);
			sourceTree = "<group>";
		};
		305A849824927AA60030614B /* Products */ = {
			isa = PBXGroup;
			children = (
				305A849724927AA60030614B /* SwiftUiCoreDataToDoList.app */,
			);
			name = Products;
			sourceTree = "<group>";
		};
		305A849924927AA60030614B /* SwiftUiCoreDataToDoList */ = {
			isa = PBXGroup;
			children = (
				305A849A24927AA60030614B /* AppDelegate.swift */,
				305A849C24927AA60030614B /* SceneDelegate.swift */,
				305A84A124927AA60030614B /* ContentView.swift */,
				305A84A324927AA70030614B /* Assets.xcassets */,
				305A84A824927AA70030614B /* LaunchScreen.storyboard */,
				305A84AB24927AA70030614B /* Info.plist */,
				305A849E24927AA60030614B /* SwiftUiCoreDataToDoList.xcdatamodeld */,
				305A84A524927AA70030614B /* Preview Content */,
			);
			path = SwiftUiCoreDataToDoList;
			sourceTree = "<group>";
		};
		305A84A524927AA70030614B /* Preview Content */ = {
			isa = PBXGroup;
			children = (
				305A84A624927AA70030614B /* Preview Assets.xcassets */,
			);
			path = "Preview Content";
			sourceTree = "<group>";
		};
/* End PBXGroup section */

/* Begin PBXNativeTarget section */
		305A849624927AA60030614B /* SwiftUiCoreDataToDoList */ = {
			isa = PBXNativeTarget;
			buildConfigurationList = 305A84AE24927AA70030614B /* Build configuration list for PBXNativeTarget "SwiftUiCoreDataToDoList" */;
			buildPhases = (
				305A849324927AA60030614B /* Sources */,
				305A849424927AA60030614B /* Frameworks */,
				305A849524927AA60030614B /* Resources */,
			);
			buildRules = (
			);
			dependencies = (
			);
			name = SwiftUiCoreDataToDoList;
			productName = SwiftUiCoreDataToDoList;
			productReference = 305A849724927AA60030614B /* SwiftUiCoreDataToDoList.app */;
			productType = "com.apple.product-type.application";
		};
/* End PBXNativeTarget section */

/* Begin PBXProject section */
		305A848F24927AA60030614B /* Project object */ = {
			isa = PBXProject;
			attributes = {
				LastSwiftUpdateCheck = 1150;
				LastUpgradeCheck = 1150;
				ORGANIZATIONNAME = "leandro de araujo estrada";
				TargetAttributes = {
					305A849624927AA60030614B = {
						CreatedOnToolsVersion = 11.5;
					};
				};
			};
			buildConfigurationList = 305A849224927AA60030614B /* Build configuration list for PBXProject "SwiftUiCoreDataToDoList" */;
			compatibilityVersion = "Xcode 9.3";
			developmentRegion = en;
			hasScannedForEncodings = 0;
			knownRegions = (
				en,
				Base,
			);
			mainGroup = 305A848E24927AA60030614B;
			productRefGroup = 305A849824927AA60030614B /* Products */;
			projectDirPath = "";
			projectRoot = "";
			targets = (
				305A849624927AA60030614B /* SwiftUiCoreDataToDoList */,
			);
		};
/* End PBXProject section */

/* Begin PBXResourcesBuildPhase section */
		305A849524927AA60030614B /* Resources */ = {
			isa = PBXResourcesBuildPhase;
			buildActionMask = 2147483647;
			files = (
				305A84AA24927AA70030614B /* LaunchScreen.storyboard in Resources */,
				305A84A724927AA70030614B /* Preview Assets.xcassets in Resources */,
				305A84A424927AA70030614B /* Assets.xcassets in Resources */,
			);
			runOnlyForDeploymentPostprocessing = 0;
		};
/* End PBXResourcesBuildPhase section */

/* Begin PBXSourcesBuildPhase section */
		305A849324927AA60030614B /* Sources */ = {
			isa = PBXSourcesBuildPhase;
			buildActionMask = 2147483647;
			files = (
				305A84A024927AA60030614B /* SwiftUiCoreDataToDoList.xcdatamodeld in Sources */,
				305A849B24927AA60030614B /* AppDelegate.swift in Sources */,
				305A84A224927AA60030614B /* ContentView.swift in Sources */,
				305A849D24927AA60030614B /* SceneDelegate.swift in Sources */,
			);
			runOnlyForDeploymentPostprocessing = 0;
		};
/* End PBXSourcesBuildPhase section */

/* Begin PBXVariantGroup section */
		305A84A824927AA70030614B /* LaunchScreen.storyboard */ = {
			isa = PBXVariantGroup;
			children = (
				305A84A924927AA70030614B /* Base */,
			);
			name = LaunchScreen.storyboard;
			sourceTree = "<group>";
		};
/* End PBXVariantGroup section */

/* Begin XCBuildConfiguration section */
		305A84AC24927AA70030614B /* Debug */ = {
			isa = XCBuildConfiguration;
			buildSettings = {
				ALWAYS_SEARCH_USER_PATHS = NO;
				CLANG_ANALYZER_NONNULL = YES;
				CLANG_ANALYZER_NUMBER_OBJECT_CONVERSION = YES_AGGRESSIVE;
				CLANG_CXX_LANGUAGE_STANDARD = "gnu++14";
				CLANG_CXX_LIBRARY = "libc++";
				CLANG_ENABLE_MODULES = YES;
				CLANG_ENABLE_OBJC_ARC = YES;
				CLANG_ENABLE_OBJC_WEAK = YES;
				CLANG_WARN_BLOCK_CAPTURE_AUTORELEASING = YES;
				CLANG_WARN_BOOL_CONVERSION = YES;
				CLANG_WARN_COMMA = YES;
				CLANG_WARN_CONSTANT_CONVERSION = YES;
				CLANG_WARN_DEPRECATED_OBJC_IMPLEMENTATIONS = YES;
				CLANG_WARN_DIRECT_OBJC_ISA_USAGE = YES_ERROR;
				CLANG_WARN_DOCUMENTATION_COMMENTS = YES;
				CLANG_WARN_EMPTY_BODY = YES;
				CLANG_WARN_ENUM_CONVERSION = YES;
				CLANG_WARN_INFINITE_RECURSION = YES;
				CLANG_WARN_INT_CONVERSION = YES;
				CLANG_WARN_NON_LITERAL_NULL_CONVERSION = YES;
				CLANG_WARN_OBJC_IMPLICIT_RETAIN_SELF = YES;
				CLANG_WARN_OBJC_LITERAL_CONVERSION = YES;
				CLANG_WARN_OBJC_ROOT_CLASS = YES_ERROR;
				CLANG_WARN_RANGE_LOOP_ANALYSIS = YES;
				CLANG_WARN_STRICT_PROTOTYPES = YES;
				CLANG_WARN_SUSPICIOUS_MOVE = YES;
				CLANG_WARN_UNGUARDED_AVAILABILITY = YES_AGGRESSIVE;
				CLANG_WARN_UNREACHABLE_CODE = YES;
				CLANG_WARN__DUPLICATE_METHOD_MATCH = YES;
				COPY_PHASE_STRIP = NO;
				DEBUG_INFORMATION_FORMAT = dwarf;
				ENABLE_STRICT_OBJC_MSGSEND = YES;
				ENABLE_TESTABILITY = YES;
				GCC_C_LANGUAGE_STANDARD = gnu11;
				GCC_DYNAMIC_NO_PIC = NO;
				GCC_NO_COMMON_BLOCKS = YES;
				GCC_OPTIMIZATION_LEVEL = 0;
				GCC_PREPROCESSOR_DEFINITIONS = (
					"DEBUG=1",
					"$(inherited)",
				);
				GCC_WARN_64_TO_32_BIT_CONVERSION = YES;
				GCC_WARN_ABOUT_RETURN_TYPE = YES_ERROR;
				GCC_WARN_UNDECLARED_SELECTOR = YES;
				GCC_WARN_UNINITIALIZED_AUTOS = YES_AGGRESSIVE;
				GCC_WARN_UNUSED_FUNCTION = YES;
				GCC_WARN_UNUSED_VARIABLE = YES;
				IPHONEOS_DEPLOYMENT_TARGET = 13.5;
				MTL_ENABLE_DEBUG_INFO = INCLUDE_SOURCE;
				MTL_FAST_MATH = YES;
				ONLY_ACTIVE_ARCH = YES;
				SDKROOT = iphoneos;
				SWIFT_ACTIVE_COMPILATION_CONDITIONS = DEBUG;
				SWIFT_OPTIMIZATION_LEVEL = "-Onone";
			};
			name = Debug;
		};
		305A84AD24927AA70030614B /* Release */ = {
			isa = XCBuildConfiguration;
			buildSettings = {
				ALWAYS_SEARCH_USER_PATHS = NO;
				CLANG_ANALYZER_NONNULL = YES;
				CLANG_ANALYZER_NUMBER_OBJECT_CONVERSION = YES_AGGRESSIVE;
				CLANG_CXX_LANGUAGE_STANDARD = "gnu++14";
				CLANG_CXX_LIBRARY = "libc++";
				CLANG_ENABLE_MODULES = YES;
				CLANG_ENABLE_OBJC_ARC = YES;
				CLANG_ENABLE_OBJC_WEAK = YES;
				CLANG_WARN_BLOCK_CAPTURE_AUTORELEASING = YES;
				CLANG_WARN_BOOL_CONVERSION = YES;
				CLANG_WARN_COMMA = YES;
				CLANG_WARN_CONSTANT_CONVERSION = YES;
				CLANG_WARN_DEPRECATED_OBJC_IMPLEMENTATIONS = YES;
				CLANG_WARN_DIRECT_OBJC_ISA_USAGE = YES_ERROR;
				CLANG_WARN_DOCUMENTATION_COMMENTS = YES;
				CLANG_WARN_EMPTY_BODY = YES;
				CLANG_WARN_ENUM_CONVERSION = YES;
				CLANG_WARN_INFINITE_RECURSION = YES;
				CLANG_WARN_INT_CONVERSION = YES;
				CLANG_WARN_NON_LITERAL_NULL_CONVERSION = YES;
				CLANG_WARN_OBJC_IMPLICIT_RETAIN_SELF = YES;
				CLANG_WARN_OBJC_LITERAL_CONVERSION = YES;
				CLANG_WARN_OBJC_ROOT_CLASS = YES_ERROR;
				CLANG_WARN_RANGE_LOOP_ANALYSIS = YES;
				CLANG_WARN_STRICT_PROTOTYPES = YES;
				CLANG_WARN_SUSPICIOUS_MOVE = YES;
				CLANG_WARN_UNGUARDED_AVAILABILITY = YES_AGGRESSIVE;
				CLANG_WARN_UNREACHABLE_CODE = YES;
				CLANG_WARN__DUPLICATE_METHOD_MATCH = YES;
				COPY_PHASE_STRIP = NO;
				DEBUG_INFORMATION_FORMAT = "dwarf-with-dsym";
				ENABLE_NS_ASSERTIONS = NO;
				ENABLE_STRICT_OBJC_MSGSEND = YES;
				GCC_C_LANGUAGE_STANDARD = gnu11;
				GCC_NO_COMMON_BLOCKS = YES;
				GCC_WARN_64_TO_32_BIT_CONVERSION = YES;
				GCC_WARN_ABOUT_RETURN_TYPE = YES_ERROR;
				GCC_WARN_UNDECLARED_SELECTOR = YES;
				GCC_WARN_UNINITIALIZED_AUTOS = YES_AGGRESSIVE;
				GCC_WARN_UNUSED_FUNCTION = YES;
				GCC_WARN_UNUSED_VARIABLE = YES;
				IPHONEOS_DEPLOYMENT_TARGET = 13.5;
				MTL_ENABLE_DEBUG_INFO = NO;
				MTL_FAST_MATH = YES;
				SDKROOT = iphoneos;
				SWIFT_COMPILATION_MODE = wholemodule;
				SWIFT_OPTIMIZATION_LEVEL = "-O";
				VALIDATE_PRODUCT = YES;
			};
			name = Release;
		};
		305A84AF24927AA70030614B /* Debug */ = {
			isa = XCBuildConfiguration;
			buildSettings = {
				ASSETCATALOG_COMPILER_APPICON_NAME = AppIcon;
				CODE_SIGN_STYLE = Automatic;
				DEVELOPMENT_ASSET_PATHS = "\"SwiftUiCoreDataToDoList/Preview Content\"";
				DEVELOPMENT_TEAM = 5F3426985K;
				ENABLE_PREVIEWS = YES;
				INFOPLIST_FILE = SwiftUiCoreDataToDoList/Info.plist;
				LD_RUNPATH_SEARCH_PATHS = (
					"$(inherited)",
					"@executable_path/Frameworks",
				);
				PRODUCT_BUNDLE_IDENTIFIER = com.leandro.SwiftUiCoreDataToDoList;
				PRODUCT_NAME = "$(TARGET_NAME)";
				SWIFT_VERSION = 5.0;
				TARGETED_DEVICE_FAMILY = "1,2";
			};
			name = Debug;
		};
		305A84B024927AA70030614B /* Release */ = {
			isa = XCBuildConfiguration;
			buildSettings = {
				ASSETCATALOG_COMPILER_APPICON_NAME = AppIcon;
				CODE_SIGN_STYLE = Automatic;
				DEVELOPMENT_ASSET_PATHS = "\"SwiftUiCoreDataToDoList/Preview Content\"";
				DEVELOPMENT_TEAM = 5F3426985K;
				ENABLE_PREVIEWS = YES;
				INFOPLIST_FILE = SwiftUiCoreDataToDoList/Info.plist;
				LD_RUNPATH_SEARCH_PATHS = (
					"$(inherited)",
					"@executable_path/Frameworks",
				);
				PRODUCT_BUNDLE_IDENTIFIER = com.leandro.SwiftUiCoreDataToDoList;
				PRODUCT_NAME = "$(TARGET_NAME)";
				SWIFT_VERSION = 5.0;
				TARGETED_DEVICE_FAMILY = "1,2";
			};
			name = Release;
		};
/* End XCBuildConfiguration section */

/* Begin XCConfigurationList section */
		305A849224927AA60030614B /* Build configuration list for PBXProject "SwiftUiCoreDataToDoList" */ = {
			isa = XCConfigurationList;
			buildConfigurations = (
				305A84AC24927AA70030614B /* Debug */,
				305A84AD24927AA70030614B /* Release */,
			);
			defaultConfigurationIsVisible = 0;
			defaultConfigurationName = Release;
		};
		305A84AE24927AA70030614B /* Build configuration list for PBXNativeTarget "SwiftUiCoreDataToDoList" */ = {
			isa = XCConfigurationList;
			buildConfigurations = (
				305A84AF24927AA70030614B /* Debug */,
				305A84B024927AA70030614B /* Release */,
			);
			defaultConfigurationIsVisible = 0;
			defaultConfigurationName = Release;
		};
/* End XCConfigurationList section */

/* Begin XCVersionGroup section */
		305A849E24927AA60030614B /* SwiftUiCoreDataToDoList.xcdatamodeld */ = {
			isa = XCVersionGroup;
			children = (
				305A849F24927AA60030614B /* SwiftUiCoreDataToDoList.xcdatamodel */,
			);
			currentVersion = 305A849F24927AA60030614B /* SwiftUiCoreDataToDoList.xcdatamodel */;
			path = SwiftUiCoreDataToDoList.xcdatamodeld;
			sourceTree = "<group>";
			versionGroupType = wrapper.xcdatamodel;
		};
/* End XCVersionGroup section */
	};
	rootObject = 305A848F24927AA60030614B /* Project object */;
}
